
Microsoft Visual Studio Solution File, Format Version 12.00
# Visual Studio Version 17
VisualStudioVersion = 17.4.33213.308
MinimumVisualStudioVersion = 10.0.40219.1
Project("{FAE04EC0-301F-11D3-BF4B-00C04F79EFBC}") = "ExamenU2_CARS.Android", "ExamenU2_CARS.Android\ExamenU2_CARS.Android.csproj", "{AAFAA51F-5955-40E6-A784-462E3AC5F250}"
EndProject
Project("{FAE04EC0-301F-11D3-BF4B-00C04F79EFBC}") = "ExamenU2_CARS.iOS", "ExamenU2_CARS.iOS\ExamenU2_CARS.iOS.csproj", "{C49BE6EB-EBBE-4B22-A58D-87040048659A}"
EndProject
Project("{FAE04EC0-301F-11D3-BF4B-00C04F79EFBC}") = "ExamenU2_CARS", "ExamenU2_CARS\ExamenU2_CARS.csproj", "{81C42BEE-4933-47D8-A6F6-09696464E915}"
EndProject
Global
	GlobalSection(SolutionConfigurationPlatforms) = preSolution
		Debug|Any CPU = Debug|Any CPU
		Debug|iPhone = Debug|iPhone
		Debug|iPhoneSimulator = Debug|iPhoneSimulator
		Release|Any CPU = Release|Any CPU
		Release|iPhone = Release|iPhone
		Release|iPhoneSimulator = Release|iPhoneSimulator
	EndGlobalSection
	GlobalSection(ProjectConfigurationPlatforms) = postSolution
		{AAFAA51F-5955-40E6-A784-462E3AC5F250}.Debug|Any CPU.ActiveCfg = Debug|Any CPU
		{AAFAA51F-5955-40E6-A784-462E3AC5F250}.Debug|Any CPU.Build.0 = Debug|Any CPU
		{AAFAA51F-5955-40E6-A784-462E3AC5F250}.Debug|Any CPU.Deploy.0 = Debug|Any CPU
		{AAFAA51F-5955-40E6-A784-462E3AC5F250}.Debug|iPhone.ActiveCfg = Debug|Any CPU
		{AAFAA51F-5955-40E6-A784-462E3AC5F250}.Debug|iPhone.Build.0 = Debug|Any CPU
		{AAFAA51F-5955-40E6-A784-462E3AC5F250}.Debug|iPhone.Deploy.0 = Debug|Any CPU
		{AAFAA51F-5955-40E6-A784-462E3AC5F250}.Debug|iPhoneSimulator.ActiveCfg = Debug|Any CPU
		{AAFAA51F-5955-40E6-A784-462E3AC5F250}.Debug|iPhoneSimulator.Build.0 = Debug|Any CPU
		{AAFAA51F-5955-40E6-A784-462E3AC5F250}.Debug|iPhoneSimulator.Deploy.0 = Debug|Any CPU
		{AAFAA51F-5955-40E6-A784-462E3AC5F250}.Release|Any CPU.ActiveCfg = Release|Any CPU
		{AAFAA51F-5955-40E6-A784-462E3AC5F250}.Release|Any CPU.Build.0 = Release|Any CPU
		{AAFAA51F-5955-40E6-A784-462E3AC5F250}.Release|Any CPU.Deploy.0 = Release|Any CPU
		{AAFAA51F-5955-40E6-A784-462E3AC5F250}.Release|iPhone.ActiveCfg = Release|Any CPU
		{AAFAA51F-5955-40E6-A784-462E3AC5F250}.Release|iPhone.Build.0 = Release|Any CPU
		{AAFAA51F-5955-40E6-A784-462E3AC5F250}.Release|iPhone.Deploy.0 = Release|Any CPU
		{AAFAA51F-5955-40E6-A784-462E3AC5F250}.Release|iPhoneSimulator.ActiveCfg = Release|Any CPU
		{AAFAA51F-5955-40E6-A784-462E3AC5F250}.Release|iPhoneSimulator.Build.0 = Release|Any CPU
		{AAFAA51F-5955-40E6-A784-462E3AC5F250}.Release|iPhoneSimulator.Deploy.0 = Release|Any CPU
		{C49BE6EB-EBBE-4B22-A58D-87040048659A}.Debug|Any CPU.ActiveCfg = Debug|iPhone
		{C49BE6EB-EBBE-4B22-A58D-87040048659A}.Debug|Any CPU.Build.0 = Debug|iPhone
		{C49BE6EB-EBBE-4B22-A58D-87040048659A}.Debug|Any CPU.Deploy.0 = Debug|iPhone
		{C49BE6EB-EBBE-4B22-A58D-87040048659A}.Debug|iPhone.ActiveCfg = Debug|iPhone
		{C49BE6EB-EBBE-4B22-A58D-87040048659A}.Debug|iPhone.Build.0 = Debug|iPhone
		{C49BE6EB-EBBE-4B22-A58D-87040048659A}.Debug|iPhone.Deploy.0 = Debug|iPhone
		{C49BE6EB-EBBE-4B22-A58D-87040048659A}.Debug|iPhoneSimulator.ActiveCfg = Debug|iPhoneSimulator
		{C49BE6EB-EBBE-4B22-A58D-87040048659A}.Debug|iPhoneSimulator.Build.0 = Debug|iPhoneSimulator
		{C49BE6EB-EBBE-4B22-A58D-87040048659A}.Debug|iPhoneSimulator.Deploy.0 = Debug|iPhoneSimulator
		{C49BE6EB-EBBE-4B22-A58D-87040048659A}.Release|Any CPU.ActiveCfg = Release|iPhoneSimulator
		{C49BE6EB-EBBE-4B22-A58D-87040048659A}.Release|Any CPU.Build.0 = Release|iPhoneSimulator
		{C49BE6EB-EBBE-4B22-A58D-87040048659A}.Release|Any CPU.Deploy.0 = Release|iPhoneSimulator
		{C49BE6EB-EBBE-4B22-A58D-87040048659A}.Release|iPhone.ActiveCfg = Release|iPhone
		{C49BE6EB-EBBE-4B22-A58D-87040048659A}.Release|iPhone.Build.0 = Release|iPhone
		{C49BE6EB-EBBE-4B22-A58D-87040048659A}.Release|iPhone.Deploy.0 = Release|iPhone
		{C49BE6EB-EBBE-4B22-A58D-87040048659A}.Release|iPhoneSimulator.ActiveCfg = Release|iPhoneSimulator
		{C49BE6EB-EBBE-4B22-A58D-87040048659A}.Release|iPhoneSimulator.Build.0 = Release|iPhoneSimulator
		{C49BE6EB-EBBE-4B22-A58D-87040048659A}.Release|iPhoneSimulator.Deploy.0 = Release|iPhoneSimulator
		{81C42BEE-4933-47D8-A6F6-09696464E915}.Debug|Any CPU.ActiveCfg = Debug|Any CPU
		{81C42BEE-4933-47D8-A6F6-09696464E915}.Debug|Any CPU.Build.0 = Debug|Any CPU
		{81C42BEE-4933-47D8-A6F6-09696464E915}.Debug|Any CPU.Deploy.0 = Debug|Any CPU
		{81C42BEE-4933-47D8-A6F6-09696464E915}.Debug|iPhone.ActiveCfg = Debug|Any CPU
		{81C42BEE-4933-47D8-A6F6-09696464E915}.Debug|iPhone.Build.0 = Debug|Any CPU
		{81C42BEE-4933-47D8-A6F6-09696464E915}.Debug|iPhone.Deploy.0 = Debug|Any CPU
		{81C42BEE-4933-47D8-A6F6-09696464E915}.Debug|iPhoneSimulator.ActiveCfg = Debug|Any CPU
		{81C42BEE-4933-47D8-A6F6-09696464E915}.Debug|iPhoneSimulator.Build.0 = Debug|Any CPU
		{81C42BEE-4933-47D8-A6F6-09696464E915}.Debug|iPhoneSimulator.Deploy.0 = Debug|Any CPU
		{81C42BEE-4933-47D8-A6F6-09696464E915}.Release|Any CPU.ActiveCfg = Release|Any CPU
		{81C42BEE-4933-47D8-A6F6-09696464E915}.Release|Any CPU.Build.0 = Release|Any CPU
		{81C42BEE-4933-47D8-A6F6-09696464E915}.Release|Any CPU.Deploy.0 = Release|Any CPU
		{81C42BEE-4933-47D8-A6F6-09696464E915}.Release|iPhone.ActiveCfg = Release|Any CPU
		{81C42BEE-4933-47D8-A6F6-09696464E915}.Release|iPhone.Build.0 = Release|Any CPU
		{81C42BEE-4933-47D8-A6F6-09696464E915}.Release|iPhone.Deploy.0 = Release|Any CPU
		{81C42BEE-4933-47D8-A6F6-09696464E915}.Release|iPhoneSimulator.ActiveCfg = Release|Any CPU
		{81C42BEE-4933-47D8-A6F6-09696464E915}.Release|iPhoneSimulator.Build.0 = Release|Any CPU
		{81C42BEE-4933-47D8-A6F6-09696464E915}.Release|iPhoneSimulator.Deploy.0 = Release|Any CPU
	EndGlobalSection
	GlobalSection(SolutionProperties) = preSolution
		HideSolutionNode = FALSE
	EndGlobalSection
	GlobalSection(ExtensibilityGlobals) = postSolution
		SolutionGuid = {7A7906DC-4E8C-410E-9C9C-D5582AE9A78F}
	EndGlobalSection
EndGlobal
